
Microsoft Visual Studio Solution File, Format Version 12.00
# Visual Studio Version 17
VisualStudioVersion = 17.4.33122.133
MinimumVisualStudioVersion = 10.0.40219.1
Project("{FAE04EC0-301F-11D3-BF4B-00C04F79EFBC}") = "Mairala202", "Mairala202\Mairala202.csproj", "{F36074D4-3BB3-4CD7-9C36-D2FFD11B5678}"
EndProject
Global
	GlobalSection(SolutionConfigurationPlatforms) = preSolution
		Debug|Any CPU = Debug|Any CPU
		Release|Any CPU = Release|Any CPU
	EndGlobalSection
	GlobalSection(ProjectConfigurationPlatforms) = postSolution
		{F36074D4-3BB3-4CD7-9C36-D2FFD11B5678}.Debug|Any CPU.ActiveCfg = Debug|Any CPU
		{F36074D4-3BB3-4CD7-9C36-D2FFD11B5678}.Debug|Any CPU.Build.0 = Debug|Any CPU
		{F36074D4-3BB3-4CD7-9C36-D2FFD11B5678}.Release|Any CPU.ActiveCfg = Release|Any CPU
		{F36074D4-3BB3-4CD7-9C36-D2FFD11B5678}.Release|Any CPU.Build.0 = Release|Any CPU
	EndGlobalSection
	GlobalSection(SolutionProperties) = preSolution
		HideSolutionNode = FALSE
	EndGlobalSection
	GlobalSection(ExtensibilityGlobals) = postSolution
		SolutionGuid = {5676D870-9385-4CF6-A864-DF662B28DB9E}
	EndGlobalSection
EndGlobal
